
Microsoft Visual Studio Solution File, Format Version 12.00
# Visual Studio Version 17
VisualStudioVersion = 17.10.35027.167
MinimumVisualStudioVersion = 10.0.40219.1
Project("{9A19103F-16F7-4668-BE54-9A1E7A4F7556}") = "TemplateMethod", "DesignPatterns\TemplateMethod.csproj", "{0BF40B74-22DB-453A-8DD2-91850FDD2085}"
EndProject
Project("{9A19103F-16F7-4668-BE54-9A1E7A4F7556}") = "Strategy", "Strategy\Strategy.csproj", "{6F83E5ED-2AB0-450A-8F43-CF5C346EAF18}"
EndProject
Project("{FAE04EC0-301F-11D3-BF4B-00C04F79EFBC}") = "Command", "Command\Command.csproj", "{286BAA9C-0499-44C0-9948-D587FEEE3BD0}"
EndProject
Global
	GlobalSection(SolutionConfigurationPlatforms) = preSolution
		Debug|Any CPU = Debug|Any CPU
		Release|Any CPU = Release|Any CPU
	EndGlobalSection
	GlobalSection(ProjectConfigurationPlatforms) = postSolution
		{0BF40B74-22DB-453A-8DD2-91850FDD2085}.Debug|Any CPU.ActiveCfg = Debug|Any CPU
		{0BF40B74-22DB-453A-8DD2-91850FDD2085}.Debug|Any CPU.Build.0 = Debug|Any CPU
		{0BF40B74-22DB-453A-8DD2-91850FDD2085}.Release|Any CPU.ActiveCfg = Release|Any CPU
		{0BF40B74-22DB-453A-8DD2-91850FDD2085}.Release|Any CPU.Build.0 = Release|Any CPU
		{6F83E5ED-2AB0-450A-8F43-CF5C346EAF18}.Debug|Any CPU.ActiveCfg = Debug|Any CPU
		{6F83E5ED-2AB0-450A-8F43-CF5C346EAF18}.Debug|Any CPU.Build.0 = Debug|Any CPU
		{6F83E5ED-2AB0-450A-8F43-CF5C346EAF18}.Release|Any CPU.ActiveCfg = Release|Any CPU
		{6F83E5ED-2AB0-450A-8F43-CF5C346EAF18}.Release|Any CPU.Build.0 = Release|Any CPU
		{286BAA9C-0499-44C0-9948-D587FEEE3BD0}.Debug|Any CPU.ActiveCfg = Debug|Any CPU
		{286BAA9C-0499-44C0-9948-D587FEEE3BD0}.Debug|Any CPU.Build.0 = Debug|Any CPU
		{286BAA9C-0499-44C0-9948-D587FEEE3BD0}.Release|Any CPU.ActiveCfg = Release|Any CPU
		{286BAA9C-0499-44C0-9948-D587FEEE3BD0}.Release|Any CPU.Build.0 = Release|Any CPU
	EndGlobalSection
	GlobalSection(SolutionProperties) = preSolution
		HideSolutionNode = FALSE
	EndGlobalSection
	GlobalSection(ExtensibilityGlobals) = postSolution
		SolutionGuid = {33731C5B-597A-4599-93B7-90FB0D17CE66}
	EndGlobalSection
EndGlobal
